
Microsoft Visual Studio Solution File, Format Version 12.00
# Visual Studio Version 16
VisualStudioVersion = 16.0.29201.188
MinimumVisualStudioVersion = 10.0.40219.1
Project("{FAE04EC0-301F-11D3-BF4B-00C04F79EFBC}") = "akuaTool-Mqtt", "akuaTool-Mqtt\akuaTool-Mqtt.csproj", "{D1EE2BB1-B44A-4F7A-8A77-D6E2D2D3F61D}"
EndProject
Global
	GlobalSection(SolutionConfigurationPlatforms) = preSolution
		Debug|Any CPU = Debug|Any CPU
		Release|Any CPU = Release|Any CPU
	EndGlobalSection
	GlobalSection(ProjectConfigurationPlatforms) = postSolution
		{D1EE2BB1-B44A-4F7A-8A77-D6E2D2D3F61D}.Debug|Any CPU.ActiveCfg = Debug|Any CPU
		{D1EE2BB1-B44A-4F7A-8A77-D6E2D2D3F61D}.Debug|Any CPU.Build.0 = Debug|Any CPU
		{D1EE2BB1-B44A-4F7A-8A77-D6E2D2D3F61D}.Release|Any CPU.ActiveCfg = Release|Any CPU
		{D1EE2BB1-B44A-4F7A-8A77-D6E2D2D3F61D}.Release|Any CPU.Build.0 = Release|Any CPU
	EndGlobalSection
	GlobalSection(SolutionProperties) = preSolution
		HideSolutionNode = FALSE
	EndGlobalSection
	GlobalSection(ExtensibilityGlobals) = postSolution
		SolutionGuid = {61A97540-AC2E-4F47-9D7F-AD7F1190812E}
	EndGlobalSection
EndGlobal
